
Microsoft Visual Studio Solution File, Format Version 12.00
# Visual Studio Version 16
VisualStudioVersion = 16.0.31321.278
MinimumVisualStudioVersion = 10.0.40219.1
Project("{9A19103F-16F7-4668-BE54-9A1E7A4F7556}") = "BulkyBookWeb", "BulkyBookWeb\BulkyBookWeb.csproj", "{AF08CE05-2669-4CD3-8917-B02D2C8E2BA8}"
EndProject
Project("{9A19103F-16F7-4668-BE54-9A1E7A4F7556}") = "AbbyWeb", "AbbyWeb\AbbyWeb.csproj", "{36172B8F-10CE-42D2-BB82-FDDC7FD620BD}"
EndProject
Global
	GlobalSection(SolutionConfigurationPlatforms) = preSolution
		Debug|Any CPU = Debug|Any CPU
		Release|Any CPU = Release|Any CPU
	EndGlobalSection
	GlobalSection(ProjectConfigurationPlatforms) = postSolution
		{AF08CE05-2669-4CD3-8917-B02D2C8E2BA8}.Debug|Any CPU.ActiveCfg = Debug|Any CPU
		{AF08CE05-2669-4CD3-8917-B02D2C8E2BA8}.Debug|Any CPU.Build.0 = Debug|Any CPU
		{AF08CE05-2669-4CD3-8917-B02D2C8E2BA8}.Release|Any CPU.ActiveCfg = Release|Any CPU
		{AF08CE05-2669-4CD3-8917-B02D2C8E2BA8}.Release|Any CPU.Build.0 = Release|Any CPU
		{36172B8F-10CE-42D2-BB82-FDDC7FD620BD}.Debug|Any CPU.ActiveCfg = Debug|Any CPU
		{36172B8F-10CE-42D2-BB82-FDDC7FD620BD}.Debug|Any CPU.Build.0 = Debug|Any CPU
		{36172B8F-10CE-42D2-BB82-FDDC7FD620BD}.Release|Any CPU.ActiveCfg = Release|Any CPU
		{36172B8F-10CE-42D2-BB82-FDDC7FD620BD}.Release|Any CPU.Build.0 = Release|Any CPU
	EndGlobalSection
	GlobalSection(SolutionProperties) = preSolution
		HideSolutionNode = FALSE
	EndGlobalSection
	GlobalSection(ExtensibilityGlobals) = postSolution
		SolutionGuid = {C0712F94-D1C7-4A7B-84C1-589E761A6D87}
	EndGlobalSection
EndGlobal
